// !$*UTF8*$!
{
	archiveVersion = 1;
	classes = {
	};
	objectVersion = 55;
	objects = {

/* Begin PBXBuildFile section */
		A779582A177F82AC03AE35CB /* Pods_MapApp_MapAppUITests.framework in Frameworks */ = {isa = PBXBuildFile; fileRef = 1C01F344739B42E462769DF4 /* Pods_MapApp_MapAppUITests.framework */; };
		C173FBCC085DB20674238FDB /* Pods_MapAppTests.framework in Frameworks */ = {isa = PBXBuildFile; fileRef = C2143AD447D04CE6817CD0BD /* Pods_MapAppTests.framework */; };
		C47B56E52931B88B00F9413B /* Extension.swift in Sources */ = {isa = PBXBuildFile; fileRef = C47B56E42931B88B00F9413B /* Extension.swift */; };
		C47B56E72931BBB800F9413B /* MapKit.framework in Frameworks */ = {isa = PBXBuildFile; fileRef = C47B56E62931BBB800F9413B /* MapKit.framework */; };
		C49F54E52934FB6000EDF0A1 /* AdSupport.framework in Frameworks */ = {isa = PBXBuildFile; fileRef = C49F54E42934FB6000EDF0A1 /* AdSupport.framework */; };
		C4B29D2029340F3B0094D252 /* ValidationService.swift in Sources */ = {isa = PBXBuildFile; fileRef = C4B29D1F29340F3B0094D252 /* ValidationService.swift */; };
		C4B29D2229340F4F0094D252 /* UserModel.swift in Sources */ = {isa = PBXBuildFile; fileRef = C4B29D2129340F4F0094D252 /* UserModel.swift */; };
		C4B29D242934160B0094D252 /* LoginTests.swift in Sources */ = {isa = PBXBuildFile; fileRef = C4B29D232934160B0094D252 /* LoginTests.swift */; };
		C4CDCEA52931508F00F288AF /* AppDelegate.swift in Sources */ = {isa = PBXBuildFile; fileRef = C4CDCEA42931508F00F288AF /* AppDelegate.swift */; };
		C4CDCEA72931508F00F288AF /* SceneDelegate.swift in Sources */ = {isa = PBXBuildFile; fileRef = C4CDCEA62931508F00F288AF /* SceneDelegate.swift */; };
		C4CDCEA92931508F00F288AF /* MapViewController.swift in Sources */ = {isa = PBXBuildFile; fileRef = C4CDCEA82931508F00F288AF /* MapViewController.swift */; };
		C4CDCEAC2931508F00F288AF /* Main.storyboard in Resources */ = {isa = PBXBuildFile; fileRef = C4CDCEAA2931508F00F288AF /* Main.storyboard */; };
		C4CDCEAF2931508F00F288AF /* MapApp.xcdatamodeld in Sources */ = {isa = PBXBuildFile; fileRef = C4CDCEAD2931508F00F288AF /* MapApp.xcdatamodeld */; };
		C4CDCEB12931509300F288AF /* Assets.xcassets in Resources */ = {isa = PBXBuildFile; fileRef = C4CDCEB02931509300F288AF /* Assets.xcassets */; };
		C4CDCEB42931509300F288AF /* LaunchScreen.storyboard in Resources */ = {isa = PBXBuildFile; fileRef = C4CDCEB22931509300F288AF /* LaunchScreen.storyboard */; };
		C4CDCEBF2931509300F288AF /* MapAppTests.swift in Sources */ = {isa = PBXBuildFile; fileRef = C4CDCEBE2931509300F288AF /* MapAppTests.swift */; };
		C4CDCEC92931509300F288AF /* MapAppUITests.swift in Sources */ = {isa = PBXBuildFile; fileRef = C4CDCEC82931509300F288AF /* MapAppUITests.swift */; };
		C4CDCECB2931509300F288AF /* MapAppUITestsLaunchTests.swift in Sources */ = {isa = PBXBuildFile; fileRef = C4CDCECA2931509300F288AF /* MapAppUITestsLaunchTests.swift */; };
		C4CDCEDF2931552E00F288AF /* LoginViewController.swift in Sources */ = {isa = PBXBuildFile; fileRef = C4CDCEDE2931552E00F288AF /* LoginViewController.swift */; };
		C4CDCEE12931554000F288AF /* RegisterViewController.swift in Sources */ = {isa = PBXBuildFile; fileRef = C4CDCEE02931554000F288AF /* RegisterViewController.swift */; };
		C4CDCEE329315FD300F288AF /* GoogleService-Info.plist in Resources */ = {isa = PBXBuildFile; fileRef = C4CDCEE229315FD200F288AF /* GoogleService-Info.plist */; };
		C4CDCEE72931655100F288AF /* AuthManager.swift in Sources */ = {isa = PBXBuildFile; fileRef = C4CDCEE62931655100F288AF /* AuthManager.swift */; };
		C4CDCEE9293166D800F288AF /* LoginService.swift in Sources */ = {isa = PBXBuildFile; fileRef = C4CDCEE8293166D800F288AF /* LoginService.swift */; };
		C4CDCEEC293166F200F288AF /* LoginViewController.storyboard in Resources */ = {isa = PBXBuildFile; fileRef = C4CDCEEB293166F200F288AF /* LoginViewController.storyboard */; };
		C4CDCEEF29316E1F00F288AF /* RegisterService.swift in Sources */ = {isa = PBXBuildFile; fileRef = C4CDCEEE29316E1F00F288AF /* RegisterService.swift */; };
		C4CDCEF129316E2F00F288AF /* RegisterViewController.storyboard in Resources */ = {isa = PBXBuildFile; fileRef = C4CDCEF029316E2F00F288AF /* RegisterViewController.storyboard */; };
		C4CDCEF32931AFE300F288AF /* ProfileViewController.swift in Sources */ = {isa = PBXBuildFile; fileRef = C4CDCEF22931AFE300F288AF /* ProfileViewController.swift */; };
		C4E50EB829399F4900A95712 /* CoreData.swift in Sources */ = {isa = PBXBuildFile; fileRef = C4E50EB729399F4900A95712 /* CoreData.swift */; };
		C4E50EBA2939ADA500A95712 /* RegisterTests.swift in Sources */ = {isa = PBXBuildFile; fileRef = C4E50EB92939ADA400A95712 /* RegisterTests.swift */; };
		D6B2345049F5A931121E4090 /* Pods_MapApp.framework in Frameworks */ = {isa = PBXBuildFile; fileRef = E7C93811279DD23EBD7F3DF7 /* Pods_MapApp.framework */; };
/* End PBXBuildFile section */

/* Begin PBXContainerItemProxy section */
		C4CDCEBB2931509300F288AF /* PBXContainerItemProxy */ = {
			isa = PBXContainerItemProxy;
			containerPortal = C4CDCE992931508F00F288AF /* Project object */;
			proxyType = 1;
			remoteGlobalIDString = C4CDCEA02931508F00F288AF;
			remoteInfo = MapApp;
		};
		C4CDCEC52931509300F288AF /* PBXContainerItemProxy */ = {
			isa = PBXContainerItemProxy;
			containerPortal = C4CDCE992931508F00F288AF /* Project object */;
			proxyType = 1;
			remoteGlobalIDString = C4CDCEA02931508F00F288AF;
			remoteInfo = MapApp;
		};
/* End PBXContainerItemProxy section */

/* Begin PBXFileReference section */
		0C40D4A87F8ED77439435C10 /* Pods-MapApp.release.xcconfig */ = {isa = PBXFileReference; includeInIndex = 1; lastKnownFileType = text.xcconfig; name = "Pods-MapApp.release.xcconfig"; path = "Target Support Files/Pods-MapApp/Pods-MapApp.release.xcconfig"; sourceTree = "<group>"; };
		1990B681927438051D753EFA /* Pods-MapApp-MapAppUITests.debug.xcconfig */ = {isa = PBXFileReference; includeInIndex = 1; lastKnownFileType = text.xcconfig; name = "Pods-MapApp-MapAppUITests.debug.xcconfig"; path = "Target Support Files/Pods-MapApp-MapAppUITests/Pods-MapApp-MapAppUITests.debug.xcconfig"; sourceTree = "<group>"; };
		1C01F344739B42E462769DF4 /* Pods_MapApp_MapAppUITests.framework */ = {isa = PBXFileReference; explicitFileType = wrapper.framework; includeInIndex = 0; path = Pods_MapApp_MapAppUITests.framework; sourceTree = BUILT_PRODUCTS_DIR; };
		3304E1D6009C3453AF7EBD17 /* Pods-MapAppTests.debug.xcconfig */ = {isa = PBXFileReference; includeInIndex = 1; lastKnownFileType = text.xcconfig; name = "Pods-MapAppTests.debug.xcconfig"; path = "Target Support Files/Pods-MapAppTests/Pods-MapAppTests.debug.xcconfig"; sourceTree = "<group>"; };
		664E7DF3E8FE1837219AEA43 /* Pods-MapAppTests.release.xcconfig */ = {isa = PBXFileReference; includeInIndex = 1; lastKnownFileType = text.xcconfig; name = "Pods-MapAppTests.release.xcconfig"; path = "Target Support Files/Pods-MapAppTests/Pods-MapAppTests.release.xcconfig"; sourceTree = "<group>"; };
		7227DA20EE64CB608B58B4AC /* Pods-MapApp-MapAppUITests.release.xcconfig */ = {isa = PBXFileReference; includeInIndex = 1; lastKnownFileType = text.xcconfig; name = "Pods-MapApp-MapAppUITests.release.xcconfig"; path = "Target Support Files/Pods-MapApp-MapAppUITests/Pods-MapApp-MapAppUITests.release.xcconfig"; sourceTree = "<group>"; };
		AB8616564FF2836AA694C9CD /* Pods-MapApp.debug.xcconfig */ = {isa = PBXFileReference; includeInIndex = 1; lastKnownFileType = text.xcconfig; name = "Pods-MapApp.debug.xcconfig"; path = "Target Support Files/Pods-MapApp/Pods-MapApp.debug.xcconfig"; sourceTree = "<group>"; };
		C2143AD447D04CE6817CD0BD /* Pods_MapAppTests.framework */ = {isa = PBXFileReference; explicitFileType = wrapper.framework; includeInIndex = 0; path = Pods_MapAppTests.framework; sourceTree = BUILT_PRODUCTS_DIR; };
		C47B56E42931B88B00F9413B /* Extension.swift */ = {isa = PBXFileReference; lastKnownFileType = sourcecode.swift; path = Extension.swift; sourceTree = "<group>"; };
		C47B56E62931BBB800F9413B /* MapKit.framework */ = {isa = PBXFileReference; lastKnownFileType = wrapper.framework; name = MapKit.framework; path = System/Library/Frameworks/MapKit.framework; sourceTree = SDKROOT; };
		C49F54E42934FB6000EDF0A1 /* AdSupport.framework */ = {isa = PBXFileReference; lastKnownFileType = wrapper.framework; name = AdSupport.framework; path = System/Library/Frameworks/AdSupport.framework; sourceTree = SDKROOT; };
		C4B29D1F29340F3B0094D252 /* ValidationService.swift */ = {isa = PBXFileReference; lastKnownFileType = sourcecode.swift; path = ValidationService.swift; sourceTree = "<group>"; };
		C4B29D2129340F4F0094D252 /* UserModel.swift */ = {isa = PBXFileReference; lastKnownFileType = sourcecode.swift; path = UserModel.swift; sourceTree = "<group>"; };
		C4B29D232934160B0094D252 /* LoginTests.swift */ = {isa = PBXFileReference; lastKnownFileType = sourcecode.swift; path = LoginTests.swift; sourceTree = "<group>"; };
		C4CDCEA12931508F00F288AF /* MapApp.app */ = {isa = PBXFileReference; explicitFileType = wrapper.application; includeInIndex = 0; path = MapApp.app; sourceTree = BUILT_PRODUCTS_DIR; };
		C4CDCEA42931508F00F288AF /* AppDelegate.swift */ = {isa = PBXFileReference; lastKnownFileType = sourcecode.swift; path = AppDelegate.swift; sourceTree = "<group>"; };
		C4CDCEA62931508F00F288AF /* SceneDelegate.swift */ = {isa = PBXFileReference; lastKnownFileType = sourcecode.swift; path = SceneDelegate.swift; sourceTree = "<group>"; };
		C4CDCEA82931508F00F288AF /* MapViewController.swift */ = {isa = PBXFileReference; lastKnownFileType = sourcecode.swift; path = MapViewController.swift; sourceTree = "<group>"; };
		C4CDCEAB2931508F00F288AF /* Base */ = {isa = PBXFileReference; lastKnownFileType = file.storyboard; name = Base; path = Base.lproj/Main.storyboard; sourceTree = "<group>"; };
		C4CDCEAE2931508F00F288AF /* MapApp.xcdatamodel */ = {isa = PBXFileReference; lastKnownFileType = wrapper.xcdatamodel; path = MapApp.xcdatamodel; sourceTree = "<group>"; };
		C4CDCEB02931509300F288AF /* Assets.xcassets */ = {isa = PBXFileReference; lastKnownFileType = folder.assetcatalog; path = Assets.xcassets; sourceTree = "<group>"; };
		C4CDCEB32931509300F288AF /* Base */ = {isa = PBXFileReference; lastKnownFileType = file.storyboard; name = Base; path = Base.lproj/LaunchScreen.storyboard; sourceTree = "<group>"; };
		C4CDCEB52931509300F288AF /* Info.plist */ = {isa = PBXFileReference; lastKnownFileType = text.plist.xml; path = Info.plist; sourceTree = "<group>"; };
		C4CDCEBA2931509300F288AF /* MapAppTests.xctest */ = {isa = PBXFileReference; explicitFileType = wrapper.cfbundle; includeInIndex = 0; path = MapAppTests.xctest; sourceTree = BUILT_PRODUCTS_DIR; };
		C4CDCEBE2931509300F288AF /* MapAppTests.swift */ = {isa = PBXFileReference; lastKnownFileType = sourcecode.swift; path = MapAppTests.swift; sourceTree = "<group>"; };
		C4CDCEC42931509300F288AF /* MapAppUITests.xctest */ = {isa = PBXFileReference; explicitFileType = wrapper.cfbundle; includeInIndex = 0; path = MapAppUITests.xctest; sourceTree = BUILT_PRODUCTS_DIR; };
		C4CDCEC82931509300F288AF /* MapAppUITests.swift */ = {isa = PBXFileReference; lastKnownFileType = sourcecode.swift; path = MapAppUITests.swift; sourceTree = "<group>"; };
		C4CDCECA2931509300F288AF /* MapAppUITestsLaunchTests.swift */ = {isa = PBXFileReference; lastKnownFileType = sourcecode.swift; path = MapAppUITestsLaunchTests.swift; sourceTree = "<group>"; };
		C4CDCEDE2931552E00F288AF /* LoginViewController.swift */ = {isa = PBXFileReference; lastKnownFileType = sourcecode.swift; path = LoginViewController.swift; sourceTree = "<group>"; };
		C4CDCEE02931554000F288AF /* RegisterViewController.swift */ = {isa = PBXFileReference; lastKnownFileType = sourcecode.swift; path = RegisterViewController.swift; sourceTree = "<group>"; };
		C4CDCEE229315FD200F288AF /* GoogleService-Info.plist */ = {isa = PBXFileReference; fileEncoding = 4; lastKnownFileType = text.plist.xml; path = "GoogleService-Info.plist"; sourceTree = "<group>"; };
		C4CDCEE62931655100F288AF /* AuthManager.swift */ = {isa = PBXFileReference; lastKnownFileType = sourcecode.swift; path = AuthManager.swift; sourceTree = "<group>"; };
		C4CDCEE8293166D800F288AF /* LoginService.swift */ = {isa = PBXFileReference; lastKnownFileType = sourcecode.swift; path = LoginService.swift; sourceTree = "<group>"; };
		C4CDCEEB293166F200F288AF /* LoginViewController.storyboard */ = {isa = PBXFileReference; lastKnownFileType = file.storyboard; path = LoginViewController.storyboard; sourceTree = "<group>"; };
		C4CDCEEE29316E1F00F288AF /* RegisterService.swift */ = {isa = PBXFileReference; lastKnownFileType = sourcecode.swift; path = RegisterService.swift; sourceTree = "<group>"; };
		C4CDCEF029316E2F00F288AF /* RegisterViewController.storyboard */ = {isa = PBXFileReference; lastKnownFileType = file.storyboard; path = RegisterViewController.storyboard; sourceTree = "<group>"; };
		C4CDCEF22931AFE300F288AF /* ProfileViewController.swift */ = {isa = PBXFileReference; lastKnownFileType = sourcecode.swift; path = ProfileViewController.swift; sourceTree = "<group>"; };
		C4E50EB729399F4900A95712 /* CoreData.swift */ = {isa = PBXFileReference; lastKnownFileType = sourcecode.swift; path = CoreData.swift; sourceTree = "<group>"; };
		C4E50EB92939ADA400A95712 /* RegisterTests.swift */ = {isa = PBXFileReference; lastKnownFileType = sourcecode.swift; path = RegisterTests.swift; sourceTree = "<group>"; };
		E7C93811279DD23EBD7F3DF7 /* Pods_MapApp.framework */ = {isa = PBXFileReference; explicitFileType = wrapper.framework; includeInIndex = 0; path = Pods_MapApp.framework; sourceTree = BUILT_PRODUCTS_DIR; };
/* End PBXFileReference section */

/* Begin PBXFrameworksBuildPhase section */
		C4CDCE9E2931508F00F288AF /* Frameworks */ = {
			isa = PBXFrameworksBuildPhase;
			buildActionMask = 2147483647;
			files = (
				C49F54E52934FB6000EDF0A1 /* AdSupport.framework in Frameworks */,
				C47B56E72931BBB800F9413B /* MapKit.framework in Frameworks */,
				D6B2345049F5A931121E4090 /* Pods_MapApp.framework in Frameworks */,
			);
			runOnlyForDeploymentPostprocessing = 0;
		};
		C4CDCEB72931509300F288AF /* Frameworks */ = {
			isa = PBXFrameworksBuildPhase;
			buildActionMask = 2147483647;
			files = (
				C173FBCC085DB20674238FDB /* Pods_MapAppTests.framework in Frameworks */,
			);
			runOnlyForDeploymentPostprocessing = 0;
		};
		C4CDCEC12931509300F288AF /* Frameworks */ = {
			isa = PBXFrameworksBuildPhase;
			buildActionMask = 2147483647;
			files = (
				A779582A177F82AC03AE35CB /* Pods_MapApp_MapAppUITests.framework in Frameworks */,
			);
			runOnlyForDeploymentPostprocessing = 0;
		};
/* End PBXFrameworksBuildPhase section */

/* Begin PBXGroup section */
		0F8D908CACE71C964A99A1C0 /* Frameworks */ = {
			isa = PBXGroup;
			children = (
				C49F54E42934FB6000EDF0A1 /* AdSupport.framework */,
				C47B56E62931BBB800F9413B /* MapKit.framework */,
				E7C93811279DD23EBD7F3DF7 /* Pods_MapApp.framework */,
				1C01F344739B42E462769DF4 /* Pods_MapApp_MapAppUITests.framework */,
				C2143AD447D04CE6817CD0BD /* Pods_MapAppTests.framework */,
			);
			name = Frameworks;
			sourceTree = "<group>";
		};
		A26434F8ED5229F292FA5EAB /* Pods */ = {
			isa = PBXGroup;
			children = (
				AB8616564FF2836AA694C9CD /* Pods-MapApp.debug.xcconfig */,
				0C40D4A87F8ED77439435C10 /* Pods-MapApp.release.xcconfig */,
				1990B681927438051D753EFA /* Pods-MapApp-MapAppUITests.debug.xcconfig */,
				7227DA20EE64CB608B58B4AC /* Pods-MapApp-MapAppUITests.release.xcconfig */,
				3304E1D6009C3453AF7EBD17 /* Pods-MapAppTests.debug.xcconfig */,
				664E7DF3E8FE1837219AEA43 /* Pods-MapAppTests.release.xcconfig */,
			);
			path = Pods;
			sourceTree = "<group>";
		};
		C4CDCE982931508F00F288AF = {
			isa = PBXGroup;
			children = (
				C4CDCEA32931508F00F288AF /* MapApp */,
				C4CDCEBD2931509300F288AF /* MapAppTests */,
				C4CDCEC72931509300F288AF /* MapAppUITests */,
				C4CDCEA22931508F00F288AF /* Products */,
				A26434F8ED5229F292FA5EAB /* Pods */,
				0F8D908CACE71C964A99A1C0 /* Frameworks */,
			);
			sourceTree = "<group>";
		};
		C4CDCEA22931508F00F288AF /* Products */ = {
			isa = PBXGroup;
			children = (
				C4CDCEA12931508F00F288AF /* MapApp.app */,
				C4CDCEBA2931509300F288AF /* MapAppTests.xctest */,
				C4CDCEC42931509300F288AF /* MapAppUITests.xctest */,
			);
			name = Products;
			sourceTree = "<group>";
		};
		C4CDCEA32931508F00F288AF /* MapApp */ = {
			isa = PBXGroup;
			children = (
				C4CDCEDA2931542F00F288AF /* Resources */,
				C4CDCED92931541C00F288AF /* Models */,
				C4CDCED82931541700F288AF /* Views */,
				C4CDCED72931540F00F288AF /* Controllers */,
				C4CDCEB52931509300F288AF /* Info.plist */,
				C4CDCEAD2931508F00F288AF /* MapApp.xcdatamodeld */,
			);
			path = MapApp;
			sourceTree = "<group>";
		};
		C4CDCEBD2931509300F288AF /* MapAppTests */ = {
			isa = PBXGroup;
			children = (
				C4CDCEBE2931509300F288AF /* MapAppTests.swift */,
				C4B29D232934160B0094D252 /* LoginTests.swift */,
				C4E50EB92939ADA400A95712 /* RegisterTests.swift */,
			);
			path = MapAppTests;
			sourceTree = "<group>";
		};
		C4CDCEC72931509300F288AF /* MapAppUITests */ = {
			isa = PBXGroup;
			children = (
				C4CDCEC82931509300F288AF /* MapAppUITests.swift */,
				C4CDCECA2931509300F288AF /* MapAppUITestsLaunchTests.swift */,
			);
			path = MapAppUITests;
			sourceTree = "<group>";
		};
		C4CDCED72931540F00F288AF /* Controllers */ = {
			isa = PBXGroup;
			children = (
				C4CDCEDD2931551600F288AF /* Onboarding */,
				C4CDCEDC293154F600F288AF /* Tabs */,
			);
			path = Controllers;
			sourceTree = "<group>";
		};
		C4CDCED82931541700F288AF /* Views */ = {
			isa = PBXGroup;
			children = (
				C4CDCEB02931509300F288AF /* Assets.xcassets */,
				C4CDCEDB2931548100F288AF /* Storyboards */,
			);
			path = Views;
			sourceTree = "<group>";
		};
		C4CDCED92931541C00F288AF /* Models */ = {
			isa = PBXGroup;
			children = (
				C4B29D2129340F4F0094D252 /* UserModel.swift */,
			);
			path = Models;
			sourceTree = "<group>";
		};
		C4CDCEDA2931542F00F288AF /* Resources */ = {
			isa = PBXGroup;
			children = (
				C4CDCEE229315FD200F288AF /* GoogleService-Info.plist */,
				C4CDCEA42931508F00F288AF /* AppDelegate.swift */,
				C4CDCEA62931508F00F288AF /* SceneDelegate.swift */,
				C4CDCEE62931655100F288AF /* AuthManager.swift */,
				C47B56E42931B88B00F9413B /* Extension.swift */,
				C4B29D1F29340F3B0094D252 /* ValidationService.swift */,
				C4E50EB729399F4900A95712 /* CoreData.swift */,
			);
			path = Resources;
			sourceTree = "<group>";
		};
		C4CDCEDB2931548100F288AF /* Storyboards */ = {
			isa = PBXGroup;
			children = (
				C4CDCEAA2931508F00F288AF /* Main.storyboard */,
				C4CDCEB22931509300F288AF /* LaunchScreen.storyboard */,
			);
			path = Storyboards;
			sourceTree = "<group>";
		};
		C4CDCEDC293154F600F288AF /* Tabs */ = {
			isa = PBXGroup;
			children = (
				C4CDCEA82931508F00F288AF /* MapViewController.swift */,
				C4CDCEF22931AFE300F288AF /* ProfileViewController.swift */,
			);
			path = Tabs;
			sourceTree = "<group>";
		};
		C4CDCEDD2931551600F288AF /* Onboarding */ = {
			isa = PBXGroup;
			children = (
				C4CDCEED29316E0A00F288AF /* Register */,
				C4CDCEEA293166DB00F288AF /* Login */,
			);
			path = Onboarding;
			sourceTree = "<group>";
		};
		C4CDCEEA293166DB00F288AF /* Login */ = {
			isa = PBXGroup;
			children = (
				C4CDCEDE2931552E00F288AF /* LoginViewController.swift */,
				C4CDCEEB293166F200F288AF /* LoginViewController.storyboard */,
				C4CDCEE8293166D800F288AF /* LoginService.swift */,
			);
			path = Login;
			sourceTree = "<group>";
		};
		C4CDCEED29316E0A00F288AF /* Register */ = {
			isa = PBXGroup;
			children = (
				C4CDCEE02931554000F288AF /* RegisterViewController.swift */,
				C4CDCEF029316E2F00F288AF /* RegisterViewController.storyboard */,
				C4CDCEEE29316E1F00F288AF /* RegisterService.swift */,
			);
			path = Register;
			sourceTree = "<group>";
		};
/* End PBXGroup section */

/* Begin PBXNativeTarget section */
		C4CDCEA02931508F00F288AF /* MapApp */ = {
			isa = PBXNativeTarget;
			buildConfigurationList = C4CDCECE2931509400F288AF /* Build configuration list for PBXNativeTarget "MapApp" */;
			buildPhases = (
				767C116F6D3C90851161AD35 /* [CP] Check Pods Manifest.lock */,
				C4CDCE9D2931508F00F288AF /* Sources */,
				C4CDCE9E2931508F00F288AF /* Frameworks */,
				C4CDCE9F2931508F00F288AF /* Resources */,
				DDCB37835A9A07A5B5631EA9 /* [CP] Embed Pods Frameworks */,
				C49D17412933E117001F3904 /* ShellScript */,
			);
			buildRules = (
			);
			dependencies = (
			);
			name = MapApp;
			productName = MapApp;
			productReference = C4CDCEA12931508F00F288AF /* MapApp.app */;
			productType = "com.apple.product-type.application";
		};
		C4CDCEB92931509300F288AF /* MapAppTests */ = {
			isa = PBXNativeTarget;
			buildConfigurationList = C4CDCED12931509400F288AF /* Build configuration list for PBXNativeTarget "MapAppTests" */;
			buildPhases = (
				57032804023ABBDEFDF98337 /* [CP] Check Pods Manifest.lock */,
				C4CDCEB62931509300F288AF /* Sources */,
				C4CDCEB72931509300F288AF /* Frameworks */,
				C4CDCEB82931509300F288AF /* Resources */,
			);
			buildRules = (
			);
			dependencies = (
				C4CDCEBC2931509300F288AF /* PBXTargetDependency */,
			);
			name = MapAppTests;
			productName = MapAppTests;
			productReference = C4CDCEBA2931509300F288AF /* MapAppTests.xctest */;
			productType = "com.apple.product-type.bundle.unit-test";
		};
		C4CDCEC32931509300F288AF /* MapAppUITests */ = {
			isa = PBXNativeTarget;
			buildConfigurationList = C4CDCED42931509400F288AF /* Build configuration list for PBXNativeTarget "MapAppUITests" */;
			buildPhases = (
				9A4E840BA413AD93C99B842C /* [CP] Check Pods Manifest.lock */,
				C4CDCEC02931509300F288AF /* Sources */,
				C4CDCEC12931509300F288AF /* Frameworks */,
				C4CDCEC22931509300F288AF /* Resources */,
				93ADC9865A5ABBE8FF164B5B /* [CP] Embed Pods Frameworks */,
			);
			buildRules = (
			);
			dependencies = (
				C4CDCEC62931509300F288AF /* PBXTargetDependency */,
			);
			name = MapAppUITests;
			productName = MapAppUITests;
			productReference = C4CDCEC42931509300F288AF /* MapAppUITests.xctest */;
			productType = "com.apple.product-type.bundle.ui-testing";
		};
/* End PBXNativeTarget section */

/* Begin PBXProject section */
		C4CDCE992931508F00F288AF /* Project object */ = {
			isa = PBXProject;
			attributes = {
				BuildIndependentTargetsInParallel = 1;
				LastSwiftUpdateCheck = 1320;
				LastUpgradeCheck = 1320;
				TargetAttributes = {
					C4CDCEA02931508F00F288AF = {
						CreatedOnToolsVersion = 13.2.1;
					};
					C4CDCEB92931509300F288AF = {
						CreatedOnToolsVersion = 13.2.1;
						TestTargetID = C4CDCEA02931508F00F288AF;
					};
					C4CDCEC32931509300F288AF = {
						CreatedOnToolsVersion = 13.2.1;
						TestTargetID = C4CDCEA02931508F00F288AF;
					};
				};
			};
			buildConfigurationList = C4CDCE9C2931508F00F288AF /* Build configuration list for PBXProject "MapApp" */;
			compatibilityVersion = "Xcode 13.0";
			developmentRegion = en;
			hasScannedForEncodings = 0;
			knownRegions = (
				en,
				Base,
			);
			mainGroup = C4CDCE982931508F00F288AF;
			productRefGroup = C4CDCEA22931508F00F288AF /* Products */;
			projectDirPath = "";
			projectRoot = "";
			targets = (
				C4CDCEA02931508F00F288AF /* MapApp */,
				C4CDCEB92931509300F288AF /* MapAppTests */,
				C4CDCEC32931509300F288AF /* MapAppUITests */,
			);
		};
/* End PBXProject section */

/* Begin PBXResourcesBuildPhase section */
		C4CDCE9F2931508F00F288AF /* Resources */ = {
			isa = PBXResourcesBuildPhase;
			buildActionMask = 2147483647;
			files = (
				C4CDCEF129316E2F00F288AF /* RegisterViewController.storyboard in Resources */,
				C4CDCEB42931509300F288AF /* LaunchScreen.storyboard in Resources */,
				C4CDCEE329315FD300F288AF /* GoogleService-Info.plist in Resources */,
				C4CDCEEC293166F200F288AF /* LoginViewController.storyboard in Resources */,
				C4CDCEB12931509300F288AF /* Assets.xcassets in Resources */,
				C4CDCEAC2931508F00F288AF /* Main.storyboard in Resources */,
			);
			runOnlyForDeploymentPostprocessing = 0;
		};
		C4CDCEB82931509300F288AF /* Resources */ = {
			isa = PBXResourcesBuildPhase;
			buildActionMask = 2147483647;
			files = (
			);
			runOnlyForDeploymentPostprocessing = 0;
		};
		C4CDCEC22931509300F288AF /* Resources */ = {
			isa = PBXResourcesBuildPhase;
			buildActionMask = 2147483647;
			files = (
			);
			runOnlyForDeploymentPostprocessing = 0;
		};
/* End PBXResourcesBuildPhase section */

/* Begin PBXShellScriptBuildPhase section */
		57032804023ABBDEFDF98337 /* [CP] Check Pods Manifest.lock */ = {
			isa = PBXShellScriptBuildPhase;
			buildActionMask = 2147483647;
			files = (
			);
			inputFileListPaths = (
			);
			inputPaths = (
				"${PODS_PODFILE_DIR_PATH}/Podfile.lock",
				"${PODS_ROOT}/Manifest.lock",
			);
			name = "[CP] Check Pods Manifest.lock";
			outputFileListPaths = (
			);
			outputPaths = (
				"$(DERIVED_FILE_DIR)/Pods-MapAppTests-checkManifestLockResult.txt",
			);
			runOnlyForDeploymentPostprocessing = 0;
			shellPath = /bin/sh;
			shellScript = "diff \"${PODS_PODFILE_DIR_PATH}/Podfile.lock\" \"${PODS_ROOT}/Manifest.lock\" > /dev/null\nif [ $? != 0 ] ; then\n    # print error to STDERR\n    echo \"error: The sandbox is not in sync with the Podfile.lock. Run 'pod install' or update your CocoaPods installation.\" >&2\n    exit 1\nfi\n# This output is used by Xcode 'outputs' to avoid re-running this script phase.\necho \"SUCCESS\" > \"${SCRIPT_OUTPUT_FILE_0}\"\n";
			showEnvVarsInLog = 0;
		};
		767C116F6D3C90851161AD35 /* [CP] Check Pods Manifest.lock */ = {
			isa = PBXShellScriptBuildPhase;
			buildActionMask = 2147483647;
			files = (
			);
			inputFileListPaths = (
			);
			inputPaths = (
				"${PODS_PODFILE_DIR_PATH}/Podfile.lock",
				"${PODS_ROOT}/Manifest.lock",
			);
			name = "[CP] Check Pods Manifest.lock";
			outputFileListPaths = (
			);
			outputPaths = (
				"$(DERIVED_FILE_DIR)/Pods-MapApp-checkManifestLockResult.txt",
			);
			runOnlyForDeploymentPostprocessing = 0;
			shellPath = /bin/sh;
			shellScript = "diff \"${PODS_PODFILE_DIR_PATH}/Podfile.lock\" \"${PODS_ROOT}/Manifest.lock\" > /dev/null\nif [ $? != 0 ] ; then\n    # print error to STDERR\n    echo \"error: The sandbox is not in sync with the Podfile.lock. Run 'pod install' or update your CocoaPods installation.\" >&2\n    exit 1\nfi\n# This output is used by Xcode 'outputs' to avoid re-running this script phase.\necho \"SUCCESS\" > \"${SCRIPT_OUTPUT_FILE_0}\"\n";
			showEnvVarsInLog = 0;
		};
		93ADC9865A5ABBE8FF164B5B /* [CP] Embed Pods Frameworks */ = {
			isa = PBXShellScriptBuildPhase;
			buildActionMask = 2147483647;
			files = (
			);
			inputFileListPaths = (
				"${PODS_ROOT}/Target Support Files/Pods-MapApp-MapAppUITests/Pods-MapApp-MapAppUITests-frameworks-${CONFIGURATION}-input-files.xcfilelist",
			);
			name = "[CP] Embed Pods Frameworks";
			outputFileListPaths = (
				"${PODS_ROOT}/Target Support Files/Pods-MapApp-MapAppUITests/Pods-MapApp-MapAppUITests-frameworks-${CONFIGURATION}-output-files.xcfilelist",
			);
			runOnlyForDeploymentPostprocessing = 0;
			shellPath = /bin/sh;
			shellScript = "\"${PODS_ROOT}/Target Support Files/Pods-MapApp-MapAppUITests/Pods-MapApp-MapAppUITests-frameworks.sh\"\n";
			showEnvVarsInLog = 0;
		};
		9A4E840BA413AD93C99B842C /* [CP] Check Pods Manifest.lock */ = {
			isa = PBXShellScriptBuildPhase;
			buildActionMask = 2147483647;
			files = (
			);
			inputFileListPaths = (
			);
			inputPaths = (
				"${PODS_PODFILE_DIR_PATH}/Podfile.lock",
				"${PODS_ROOT}/Manifest.lock",
			);
			name = "[CP] Check Pods Manifest.lock";
			outputFileListPaths = (
			);
			outputPaths = (
				"$(DERIVED_FILE_DIR)/Pods-MapApp-MapAppUITests-checkManifestLockResult.txt",
			);
			runOnlyForDeploymentPostprocessing = 0;
			shellPath = /bin/sh;
			shellScript = "diff \"${PODS_PODFILE_DIR_PATH}/Podfile.lock\" \"${PODS_ROOT}/Manifest.lock\" > /dev/null\nif [ $? != 0 ] ; then\n    # print error to STDERR\n    echo \"error: The sandbox is not in sync with the Podfile.lock. Run 'pod install' or update your CocoaPods installation.\" >&2\n    exit 1\nfi\n# This output is used by Xcode 'outputs' to avoid re-running this script phase.\necho \"SUCCESS\" > \"${SCRIPT_OUTPUT_FILE_0}\"\n";
			showEnvVarsInLog = 0;
		};
		C49D17412933E117001F3904 /* ShellScript */ = {
			isa = PBXShellScriptBuildPhase;
			buildActionMask = 2147483647;
			files = (
			);
			inputFileListPaths = (
			);
			inputPaths = (
				"${DWARF_DSYM_FOLDER_PATH}/${DWARF_DSYM_FILE_NAME}/Contents/Resources/DWARF/${TARGET_NAME}",
				"$(SRCROOT)/$(BUILT_PRODUCTS_DIR)/$(INFOPLIST_PATH)",
			);
			outputFileListPaths = (
			);
			outputPaths = (
			);
			runOnlyForDeploymentPostprocessing = 0;
			shellPath = /bin/sh;
			shellScript = "\"${PODS_ROOT}/FirebaseCrashlytics/run\"\n";
		};
		DDCB37835A9A07A5B5631EA9 /* [CP] Embed Pods Frameworks */ = {
			isa = PBXShellScriptBuildPhase;
			buildActionMask = 2147483647;
			files = (
			);
			inputFileListPaths = (
				"${PODS_ROOT}/Target Support Files/Pods-MapApp/Pods-MapApp-frameworks-${CONFIGURATION}-input-files.xcfilelist",
			);
			name = "[CP] Embed Pods Frameworks";
			outputFileListPaths = (
				"${PODS_ROOT}/Target Support Files/Pods-MapApp/Pods-MapApp-frameworks-${CONFIGURATION}-output-files.xcfilelist",
			);
			runOnlyForDeploymentPostprocessing = 0;
			shellPath = /bin/sh;
			shellScript = "\"${PODS_ROOT}/Target Support Files/Pods-MapApp/Pods-MapApp-frameworks.sh\"\n";
			showEnvVarsInLog = 0;
		};
/* End PBXShellScriptBuildPhase section */

/* Begin PBXSourcesBuildPhase section */
		C4CDCE9D2931508F00F288AF /* Sources */ = {
			isa = PBXSourcesBuildPhase;
			buildActionMask = 2147483647;
			files = (
				C4CDCEA92931508F00F288AF /* MapViewController.swift in Sources */,
				C4CDCEE72931655100F288AF /* AuthManager.swift in Sources */,
				C4CDCEA52931508F00F288AF /* AppDelegate.swift in Sources */,
				C47B56E52931B88B00F9413B /* Extension.swift in Sources */,
				C4E50EB829399F4900A95712 /* CoreData.swift in Sources */,
				C4CDCEAF2931508F00F288AF /* MapApp.xcdatamodeld in Sources */,
				C4CDCEEF29316E1F00F288AF /* RegisterService.swift in Sources */,
				C4B29D2229340F4F0094D252 /* UserModel.swift in Sources */,
				C4CDCEE9293166D800F288AF /* LoginService.swift in Sources */,
				C4CDCEF32931AFE300F288AF /* ProfileViewController.swift in Sources */,
				C4CDCEE12931554000F288AF /* RegisterViewController.swift in Sources */,
				C4B29D2029340F3B0094D252 /* ValidationService.swift in Sources */,
				C4CDCEDF2931552E00F288AF /* LoginViewController.swift in Sources */,
				C4CDCEA72931508F00F288AF /* SceneDelegate.swift in Sources */,
			);
			runOnlyForDeploymentPostprocessing = 0;
		};
		C4CDCEB62931509300F288AF /* Sources */ = {
			isa = PBXSourcesBuildPhase;
			buildActionMask = 2147483647;
			files = (
				C4CDCEBF2931509300F288AF /* MapAppTests.swift in Sources */,
				C4B29D242934160B0094D252 /* LoginTests.swift in Sources */,
				C4E50EBA2939ADA500A95712 /* RegisterTests.swift in Sources */,
			);
			runOnlyForDeploymentPostprocessing = 0;
		};
		C4CDCEC02931509300F288AF /* Sources */ = {
			isa = PBXSourcesBuildPhase;
			buildActionMask = 2147483647;
			files = (
				C4CDCEC92931509300F288AF /* MapAppUITests.swift in Sources */,
				C4CDCECB2931509300F288AF /* MapAppUITestsLaunchTests.swift in Sources */,
			);
			runOnlyForDeploymentPostprocessing = 0;
		};
/* End PBXSourcesBuildPhase section */

/* Begin PBXTargetDependency section */
		C4CDCEBC2931509300F288AF /* PBXTargetDependency */ = {
			isa = PBXTargetDependency;
			target = C4CDCEA02931508F00F288AF /* MapApp */;
			targetProxy = C4CDCEBB2931509300F288AF /* PBXContainerItemProxy */;
		};
		C4CDCEC62931509300F288AF /* PBXTargetDependency */ = {
			isa = PBXTargetDependency;
			target = C4CDCEA02931508F00F288AF /* MapApp */;
			targetProxy = C4CDCEC52931509300F288AF /* PBXContainerItemProxy */;
		};
/* End PBXTargetDependency section */

/* Begin PBXVariantGroup section */
		C4CDCEAA2931508F00F288AF /* Main.storyboard */ = {
			isa = PBXVariantGroup;
			children = (
				C4CDCEAB2931508F00F288AF /* Base */,
			);
			name = Main.storyboard;
			sourceTree = "<group>";
		};
		C4CDCEB22931509300F288AF /* LaunchScreen.storyboard */ = {
			isa = PBXVariantGroup;
			children = (
				C4CDCEB32931509300F288AF /* Base */,
			);
			name = LaunchScreen.storyboard;
			sourceTree = "<group>";
		};
/* End PBXVariantGroup section */

/* Begin XCBuildConfiguration section */
		C4CDCECC2931509400F288AF /* Debug */ = {
			isa = XCBuildConfiguration;
			buildSettings = {
				ALWAYS_SEARCH_USER_PATHS = NO;
				CLANG_ANALYZER_NONNULL = YES;
				CLANG_ANALYZER_NUMBER_OBJECT_CONVERSION = YES_AGGRESSIVE;
				CLANG_CXX_LANGUAGE_STANDARD = "gnu++17";
				CLANG_CXX_LIBRARY = "libc++";
				CLANG_ENABLE_MODULES = YES;
				CLANG_ENABLE_OBJC_ARC = YES;
				CLANG_ENABLE_OBJC_WEAK = YES;
				CLANG_WARN_BLOCK_CAPTURE_AUTORELEASING = YES;
				CLANG_WARN_BOOL_CONVERSION = YES;
				CLANG_WARN_COMMA = YES;
				CLANG_WARN_CONSTANT_CONVERSION = YES;
				CLANG_WARN_DEPRECATED_OBJC_IMPLEMENTATIONS = YES;
				CLANG_WARN_DIRECT_OBJC_ISA_USAGE = YES_ERROR;
				CLANG_WARN_DOCUMENTATION_COMMENTS = YES;
				CLANG_WARN_EMPTY_BODY = YES;
				CLANG_WARN_ENUM_CONVERSION = YES;
				CLANG_WARN_INFINITE_RECURSION = YES;
				CLANG_WARN_INT_CONVERSION = YES;
				CLANG_WARN_NON_LITERAL_NULL_CONVERSION = YES;
				CLANG_WARN_OBJC_IMPLICIT_RETAIN_SELF = YES;
				CLANG_WARN_OBJC_LITERAL_CONVERSION = YES;
				CLANG_WARN_OBJC_ROOT_CLASS = YES_ERROR;
				CLANG_WARN_QUOTED_INCLUDE_IN_FRAMEWORK_HEADER = YES;
				CLANG_WARN_RANGE_LOOP_ANALYSIS = YES;
				CLANG_WARN_STRICT_PROTOTYPES = YES;
				CLANG_WARN_SUSPICIOUS_MOVE = YES;
				CLANG_WARN_UNGUARDED_AVAILABILITY = YES_AGGRESSIVE;
				CLANG_WARN_UNREACHABLE_CODE = YES;
				CLANG_WARN__DUPLICATE_METHOD_MATCH = YES;
				COPY_PHASE_STRIP = NO;
				DEBUG_INFORMATION_FORMAT = dwarf;
				ENABLE_STRICT_OBJC_MSGSEND = YES;
				ENABLE_TESTABILITY = YES;
				GCC_C_LANGUAGE_STANDARD = gnu11;
				GCC_DYNAMIC_NO_PIC = NO;
				GCC_NO_COMMON_BLOCKS = YES;
				GCC_OPTIMIZATION_LEVEL = 0;
				GCC_PREPROCESSOR_DEFINITIONS = (
					"DEBUG=1",
					"$(inherited)",
				);
				GCC_WARN_64_TO_32_BIT_CONVERSION = YES;
				GCC_WARN_ABOUT_RETURN_TYPE = YES_ERROR;
				GCC_WARN_UNDECLARED_SELECTOR = YES;
				GCC_WARN_UNINITIALIZED_AUTOS = YES_AGGRESSIVE;
				GCC_WARN_UNUSED_FUNCTION = YES;
				GCC_WARN_UNUSED_VARIABLE = YES;
				IPHONEOS_DEPLOYMENT_TARGET = 15.2;
				MTL_ENABLE_DEBUG_INFO = INCLUDE_SOURCE;
				MTL_FAST_MATH = YES;
				ONLY_ACTIVE_ARCH = YES;
				SDKROOT = iphoneos;
				SWIFT_ACTIVE_COMPILATION_CONDITIONS = DEBUG;
				SWIFT_OPTIMIZATION_LEVEL = "-Onone";
			};
			name = Debug;
		};
		C4CDCECD2931509400F288AF /* Release */ = {
			isa = XCBuildConfiguration;
			buildSettings = {
				ALWAYS_SEARCH_USER_PATHS = NO;
				CLANG_ANALYZER_NONNULL = YES;
				CLANG_ANALYZER_NUMBER_OBJECT_CONVERSION = YES_AGGRESSIVE;
				CLANG_CXX_LANGUAGE_STANDARD = "gnu++17";
				CLANG_CXX_LIBRARY = "libc++";
				CLANG_ENABLE_MODULES = YES;
				CLANG_ENABLE_OBJC_ARC = YES;
				CLANG_ENABLE_OBJC_WEAK = YES;
				CLANG_WARN_BLOCK_CAPTURE_AUTORELEASING = YES;
				CLANG_WARN_BOOL_CONVERSION = YES;
				CLANG_WARN_COMMA = YES;
				CLANG_WARN_CONSTANT_CONVERSION = YES;
				CLANG_WARN_DEPRECATED_OBJC_IMPLEMENTATIONS = YES;
				CLANG_WARN_DIRECT_OBJC_ISA_USAGE = YES_ERROR;
				CLANG_WARN_DOCUMENTATION_COMMENTS = YES;
				CLANG_WARN_EMPTY_BODY = YES;
				CLANG_WARN_ENUM_CONVERSION = YES;
				CLANG_WARN_INFINITE_RECURSION = YES;
				CLANG_WARN_INT_CONVERSION = YES;
				CLANG_WARN_NON_LITERAL_NULL_CONVERSION = YES;
				CLANG_WARN_OBJC_IMPLICIT_RETAIN_SELF = YES;
				CLANG_WARN_OBJC_LITERAL_CONVERSION = YES;
				CLANG_WARN_OBJC_ROOT_CLASS = YES_ERROR;
				CLANG_WARN_QUOTED_INCLUDE_IN_FRAMEWORK_HEADER = YES;
				CLANG_WARN_RANGE_LOOP_ANALYSIS = YES;
				CLANG_WARN_STRICT_PROTOTYPES = YES;
				CLANG_WARN_SUSPICIOUS_MOVE = YES;
				CLANG_WARN_UNGUARDED_AVAILABILITY = YES_AGGRESSIVE;
				CLANG_WARN_UNREACHABLE_CODE = YES;
				CLANG_WARN__DUPLICATE_METHOD_MATCH = YES;
				COPY_PHASE_STRIP = NO;
				DEBUG_INFORMATION_FORMAT = "dwarf-with-dsym";
				ENABLE_NS_ASSERTIONS = NO;
				ENABLE_STRICT_OBJC_MSGSEND = YES;
				GCC_C_LANGUAGE_STANDARD = gnu11;
				GCC_NO_COMMON_BLOCKS = YES;
				GCC_WARN_64_TO_32_BIT_CONVERSION = YES;
				GCC_WARN_ABOUT_RETURN_TYPE = YES_ERROR;
				GCC_WARN_UNDECLARED_SELECTOR = YES;
				GCC_WARN_UNINITIALIZED_AUTOS = YES_AGGRESSIVE;
				GCC_WARN_UNUSED_FUNCTION = YES;
				GCC_WARN_UNUSED_VARIABLE = YES;
				IPHONEOS_DEPLOYMENT_TARGET = 15.2;
				MTL_ENABLE_DEBUG_INFO = NO;
				MTL_FAST_MATH = YES;
				SDKROOT = iphoneos;
				SWIFT_COMPILATION_MODE = wholemodule;
				SWIFT_OPTIMIZATION_LEVEL = "-O";
				VALIDATE_PRODUCT = YES;
			};
			name = Release;
		};
		C4CDCECF2931509400F288AF /* Debug */ = {
			isa = XCBuildConfiguration;
			baseConfigurationReference = AB8616564FF2836AA694C9CD /* Pods-MapApp.debug.xcconfig */;
			buildSettings = {
				ASSETCATALOG_COMPILER_APPICON_NAME = AppIcon;
				ASSETCATALOG_COMPILER_GLOBAL_ACCENT_COLOR_NAME = AccentColor;
				CODE_SIGN_STYLE = Automatic;
				CURRENT_PROJECT_VERSION = 1;
				DEBUG_INFORMATION_FORMAT = "dwarf-with-dsym";
				GENERATE_INFOPLIST_FILE = YES;
				INFOPLIST_FILE = MapApp/Info.plist;
				INFOPLIST_KEY_UIApplicationSupportsIndirectInputEvents = YES;
				INFOPLIST_KEY_UILaunchStoryboardName = LaunchScreen;
				INFOPLIST_KEY_UIMainStoryboardFile = Main;
				INFOPLIST_KEY_UISupportedInterfaceOrientations_iPad = "UIInterfaceOrientationPortrait UIInterfaceOrientationPortraitUpsideDown UIInterfaceOrientationLandscapeLeft UIInterfaceOrientationLandscapeRight";
				INFOPLIST_KEY_UISupportedInterfaceOrientations_iPhone = "UIInterfaceOrientationPortrait UIInterfaceOrientationLandscapeLeft UIInterfaceOrientationLandscapeRight";
				LD_RUNPATH_SEARCH_PATHS = (
					"$(inherited)",
					"@executable_path/Frameworks",
				);
				MARKETING_VERSION = 1.0;
				PRODUCT_BUNDLE_IDENTIFIER = com.fernandomoreira.MapApp;
				PRODUCT_NAME = "$(TARGET_NAME)";
				SWIFT_EMIT_LOC_STRINGS = YES;
				SWIFT_VERSION = 5.0;
				TARGETED_DEVICE_FAMILY = "1,2";
			};
			name = Debug;
		};
		C4CDCED02931509400F288AF /* Release */ = {
			isa = XCBuildConfiguration;
			baseConfigurationReference = 0C40D4A87F8ED77439435C10 /* Pods-MapApp.release.xcconfig */;
			buildSettings = {
				ASSETCATALOG_COMPILER_APPICON_NAME = AppIcon;
				ASSETCATALOG_COMPILER_GLOBAL_ACCENT_COLOR_NAME = AccentColor;
				CODE_SIGN_STYLE = Automatic;
				CURRENT_PROJECT_VERSION = 1;
				GENERATE_INFOPLIST_FILE = YES;
				INFOPLIST_FILE = MapApp/Info.plist;
				INFOPLIST_KEY_UIApplicationSupportsIndirectInputEvents = YES;
				INFOPLIST_KEY_UILaunchStoryboardName = LaunchScreen;
				INFOPLIST_KEY_UIMainStoryboardFile = Main;
				INFOPLIST_KEY_UISupportedInterfaceOrientations_iPad = "UIInterfaceOrientationPortrait UIInterfaceOrientationPortraitUpsideDown UIInterfaceOrientationLandscapeLeft UIInterfaceOrientationLandscapeRight";
				INFOPLIST_KEY_UISupportedInterfaceOrientations_iPhone = "UIInterfaceOrientationPortrait UIInterfaceOrientationLandscapeLeft UIInterfaceOrientationLandscapeRight";
				LD_RUNPATH_SEARCH_PATHS = (
					"$(inherited)",
					"@executable_path/Frameworks",
				);
				MARKETING_VERSION = 1.0;
				PRODUCT_BUNDLE_IDENTIFIER = com.fernandomoreira.MapApp;
				PRODUCT_NAME = "$(TARGET_NAME)";
				SWIFT_EMIT_LOC_STRINGS = YES;
				SWIFT_VERSION = 5.0;
				TARGETED_DEVICE_FAMILY = "1,2";
			};
			name = Release;
		};
		C4CDCED22931509400F288AF /* Debug */ = {
			isa = XCBuildConfiguration;
			baseConfigurationReference = 3304E1D6009C3453AF7EBD17 /* Pods-MapAppTests.debug.xcconfig */;
			buildSettings = {
				ALWAYS_EMBED_SWIFT_STANDARD_LIBRARIES = YES;
				BUNDLE_LOADER = "$(TEST_HOST)";
				CODE_SIGN_STYLE = Automatic;
				CURRENT_PROJECT_VERSION = 1;
				GENERATE_INFOPLIST_FILE = YES;
				IPHONEOS_DEPLOYMENT_TARGET = 15.2;
				MARKETING_VERSION = 1.0;
				PRODUCT_BUNDLE_IDENTIFIER = com.fernandomoreira.MapAppTests;
				PRODUCT_NAME = "$(TARGET_NAME)";
				SWIFT_EMIT_LOC_STRINGS = NO;
				SWIFT_VERSION = 5.0;
				TARGETED_DEVICE_FAMILY = "1,2";
				TEST_HOST = "$(BUILT_PRODUCTS_DIR)/MapApp.app/MapApp";
			};
			name = Debug;
		};
		C4CDCED32931509400F288AF /* Release */ = {
			isa = XCBuildConfiguration;
			baseConfigurationReference = 664E7DF3E8FE1837219AEA43 /* Pods-MapAppTests.release.xcconfig */;
			buildSettings = {
				ALWAYS_EMBED_SWIFT_STANDARD_LIBRARIES = YES;
				BUNDLE_LOADER = "$(TEST_HOST)";
				CODE_SIGN_STYLE = Automatic;
				CURRENT_PROJECT_VERSION = 1;
				GENERATE_INFOPLIST_FILE = YES;
				IPHONEOS_DEPLOYMENT_TARGET = 15.2;
				MARKETING_VERSION = 1.0;
				PRODUCT_BUNDLE_IDENTIFIER = com.fernandomoreira.MapAppTests;
				PRODUCT_NAME = "$(TARGET_NAME)";
				SWIFT_EMIT_LOC_STRINGS = NO;
				SWIFT_VERSION = 5.0;
				TARGETED_DEVICE_FAMILY = "1,2";
				TEST_HOST = "$(BUILT_PRODUCTS_DIR)/MapApp.app/MapApp";
			};
			name = Release;
		};
		C4CDCED52931509400F288AF /* Debug */ = {
			isa = XCBuildConfiguration;
			baseConfigurationReference = 1990B681927438051D753EFA /* Pods-MapApp-MapAppUITests.debug.xcconfig */;
			buildSettings = {
				ALWAYS_EMBED_SWIFT_STANDARD_LIBRARIES = YES;
				CODE_SIGN_STYLE = Automatic;
				CURRENT_PROJECT_VERSION = 1;
				GENERATE_INFOPLIST_FILE = YES;
				MARKETING_VERSION = 1.0;
				PRODUCT_BUNDLE_IDENTIFIER = com.fernandomoreira.MapAppUITests;
				PRODUCT_NAME = "$(TARGET_NAME)";
				SWIFT_EMIT_LOC_STRINGS = NO;
				SWIFT_VERSION = 5.0;
				TARGETED_DEVICE_FAMILY = "1,2";
				TEST_TARGET_NAME = MapApp;
			};
			name = Debug;
		};
		C4CDCED62931509400F288AF /* Release */ = {
			isa = XCBuildConfiguration;
			baseConfigurationReference = 7227DA20EE64CB608B58B4AC /* Pods-MapApp-MapAppUITests.release.xcconfig */;
			buildSettings = {
				ALWAYS_EMBED_SWIFT_STANDARD_LIBRARIES = YES;
				CODE_SIGN_STYLE = Automatic;
				CURRENT_PROJECT_VERSION = 1;
				GENERATE_INFOPLIST_FILE = YES;
				MARKETING_VERSION = 1.0;
				PRODUCT_BUNDLE_IDENTIFIER = com.fernandomoreira.MapAppUITests;
				PRODUCT_NAME = "$(TARGET_NAME)";
				SWIFT_EMIT_LOC_STRINGS = NO;
				SWIFT_VERSION = 5.0;
				TARGETED_DEVICE_FAMILY = "1,2";
				TEST_TARGET_NAME = MapApp;
			};
			name = Release;
		};
/* End XCBuildConfiguration section */

/* Begin XCConfigurationList section */
		C4CDCE9C2931508F00F288AF /* Build configuration list for PBXProject "MapApp" */ = {
			isa = XCConfigurationList;
			buildConfigurations = (
				C4CDCECC2931509400F288AF /* Debug */,
				C4CDCECD2931509400F288AF /* Release */,
			);
			defaultConfigurationIsVisible = 0;
			defaultConfigurationName = Release;
		};
		C4CDCECE2931509400F288AF /* Build configuration list for PBXNativeTarget "MapApp" */ = {
			isa = XCConfigurationList;
			buildConfigurations = (
				C4CDCECF2931509400F288AF /* Debug */,
				C4CDCED02931509400F288AF /* Release */,
			);
			defaultConfigurationIsVisible = 0;
			defaultConfigurationName = Release;
		};
		C4CDCED12931509400F288AF /* Build configuration list for PBXNativeTarget "MapAppTests" */ = {
			isa = XCConfigurationList;
			buildConfigurations = (
				C4CDCED22931509400F288AF /* Debug */,
				C4CDCED32931509400F288AF /* Release */,
			);
			defaultConfigurationIsVisible = 0;
			defaultConfigurationName = Release;
		};
		C4CDCED42931509400F288AF /* Build configuration list for PBXNativeTarget "MapAppUITests" */ = {
			isa = XCConfigurationList;
			buildConfigurations = (
				C4CDCED52931509400F288AF /* Debug */,
				C4CDCED62931509400F288AF /* Release */,
			);
			defaultConfigurationIsVisible = 0;
			defaultConfigurationName = Release;
		};
/* End XCConfigurationList section */

/* Begin XCVersionGroup section */
		C4CDCEAD2931508F00F288AF /* MapApp.xcdatamodeld */ = {
			isa = XCVersionGroup;
			children = (
				C4CDCEAE2931508F00F288AF /* MapApp.xcdatamodel */,
			);
			currentVersion = C4CDCEAE2931508F00F288AF /* MapApp.xcdatamodel */;
			path = MapApp.xcdatamodeld;
			sourceTree = "<group>";
			versionGroupType = wrapper.xcdatamodel;
		};
/* End XCVersionGroup section */
	};
	rootObject = C4CDCE992931508F00F288AF /* Project object */;
}
